// !$*UTF8*$!
{
	archiveVersion = 1;
	classes = {
	};
	objectVersion = 46;
	objects = {

/* Begin PBXBuildFile section */
		7ED4CD8A1E7C084F00E976CD /* AppDelegate.swift in Sources */ = {isa = PBXBuildFile; fileRef = 7ED4CD891E7C084F00E976CD /* AppDelegate.swift */; };
		7ED4CD8C1E7C084F00E976CD /* ViewController.swift in Sources */ = {isa = PBXBuildFile; fileRef = 7ED4CD8B1E7C084F00E976CD /* ViewController.swift */; };
		7ED4CD8E1E7C084F00E976CD /* Assets.xcassets in Resources */ = {isa = PBXBuildFile; fileRef = 7ED4CD8D1E7C084F00E976CD /* Assets.xcassets */; };
		7ED4CD911E7C084F00E976CD /* Main.storyboard in Resources */ = {isa = PBXBuildFile; fileRef = 7ED4CD8F1E7C084F00E976CD /* Main.storyboard */; };
		7ED4CD9C1E7C084F00E976CD /* TableViewProjectTests.swift in Sources */ = {isa = PBXBuildFile; fileRef = 7ED4CD9B1E7C084F00E976CD /* TableViewProjectTests.swift */; };
/* End PBXBuildFile section */

/* Begin PBXContainerItemProxy section */
		7ED4CD981E7C084F00E976CD /* PBXContainerItemProxy */ = {
			isa = PBXContainerItemProxy;
			containerPortal = 7ED4CD7E1E7C084F00E976CD /* Project object */;
			proxyType = 1;
			remoteGlobalIDString = 7ED4CD851E7C084F00E976CD;
			remoteInfo = TableViewProject;
		};
/* End PBXContainerItemProxy section */

/* Begin PBXFileReference section */
		7ED4CD861E7C084F00E976CD /* TableViewProject.app */ = {isa = PBXFileReference; explicitFileType = wrapper.application; includeInIndex = 0; path = TableViewProject.app; sourceTree = BUILT_PRODUCTS_DIR; };
		7ED4CD891E7C084F00E976CD /* AppDelegate.swift */ = {isa = PBXFileReference; lastKnownFileType = sourcecode.swift; path = AppDelegate.swift; sourceTree = "<group>"; };
		7ED4CD8B1E7C084F00E976CD /* ViewController.swift */ = {isa = PBXFileReference; lastKnownFileType = sourcecode.swift; path = ViewController.swift; sourceTree = "<group>"; };
		7ED4CD8D1E7C084F00E976CD /* Assets.xcassets */ = {isa = PBXFileReference; lastKnownFileType = folder.assetcatalog; path = Assets.xcassets; sourceTree = "<group>"; };
		7ED4CD901E7C084F00E976CD /* Base */ = {isa = PBXFileReference; lastKnownFileType = file.storyboard; name = Base; path = Base.lproj/Main.storyboard; sourceTree = "<group>"; };
		7ED4CD921E7C084F00E976CD /* Info.plist */ = {isa = PBXFileReference; lastKnownFileType = text.plist.xml; path = Info.plist; sourceTree = "<group>"; };
		7ED4CD971E7C084F00E976CD /* TableViewProjectTests.xctest */ = {isa = PBXFileReference; explicitFileType = wrapper.cfbundle; includeInIndex = 0; path = TableViewProjectTests.xctest; sourceTree = BUILT_PRODUCTS_DIR; };
		7ED4CD9B1E7C084F00E976CD /* TableViewProjectTests.swift */ = {isa = PBXFileReference; lastKnownFileType = sourcecode.swift; path = TableViewProjectTests.swift; sourceTree = "<group>"; };
		7ED4CD9D1E7C084F00E976CD /* Info.plist */ = {isa = PBXFileReference; lastKnownFileType = text.plist.xml; path = Info.plist; sourceTree = "<group>"; };
/* End PBXFileReference section */

/* Begin PBXFrameworksBuildPhase section */
		7ED4CD831E7C084F00E976CD /* Frameworks */ = {
			isa = PBXFrameworksBuildPhase;
			buildActionMask = 2147483647;
			files = (
			);
			runOnlyForDeploymentPostprocessing = 0;
		};
		7ED4CD941E7C084F00E976CD /* Frameworks */ = {
			isa = PBXFrameworksBuildPhase;
			buildActionMask = 2147483647;
			files = (
			);
			runOnlyForDeploymentPostprocessing = 0;
		};
/* End PBXFrameworksBuildPhase section */

/* Begin PBXGroup section */
		7ED4CD7D1E7C084F00E976CD = {
			isa = PBXGroup;
			children = (
				7ED4CD881E7C084F00E976CD /* TableViewProject */,
				7ED4CD9A1E7C084F00E976CD /* TableViewProjectTests */,
				7ED4CD871E7C084F00E976CD /* Products */,
			);
			sourceTree = "<group>";
		};
		7ED4CD871E7C084F00E976CD /* Products */ = {
			isa = PBXGroup;
			children = (
				7ED4CD861E7C084F00E976CD /* TableViewProject.app */,
				7ED4CD971E7C084F00E976CD /* TableViewProjectTests.xctest */,
			);
			name = Products;
			sourceTree = "<group>";
		};
		7ED4CD881E7C084F00E976CD /* TableViewProject */ = {
			isa = PBXGroup;
			children = (
				7ED4CD891E7C084F00E976CD /* AppDelegate.swift */,
				7ED4CD8B1E7C084F00E976CD /* ViewController.swift */,
				7ED4CD8D1E7C084F00E976CD /* Assets.xcassets */,
				7ED4CD8F1E7C084F00E976CD /* Main.storyboard */,
				7ED4CD921E7C084F00E976CD /* Info.plist */,
			);
			path = TableViewProject;
			sourceTree = "<group>";
		};
		7ED4CD9A1E7C084F00E976CD /* TableViewProjectTests */ = {
			isa = PBXGroup;
			children = (
				7ED4CD9B1E7C084F00E976CD /* TableViewProjectTests.swift */,
				7ED4CD9D1E7C084F00E976CD /* Info.plist */,
			);
			path = TableViewProjectTests;
			sourceTree = "<group>";
		};
/* End PBXGroup section */

/* Begin PBXNativeTarget section */
		7ED4CD851E7C084F00E976CD /* TableViewProject */ = {
			isa = PBXNativeTarget;
			buildConfigurationList = 7ED4CDA01E7C084F00E976CD /* Build configuration list for PBXNativeTarget "TableViewProject" */;
			buildPhases = (
				7ED4CD821E7C084F00E976CD /* Sources */,
				7ED4CD831E7C084F00E976CD /* Frameworks */,
				7ED4CD841E7C084F00E976CD /* Resources */,
			);
			buildRules = (
			);
			dependencies = (
			);
			name = TableViewProject;
			productName = TableViewProject;
			productReference = 7ED4CD861E7C084F00E976CD /* TableViewProject.app */;
			productType = "com.apple.product-type.application";
		};
		7ED4CD961E7C084F00E976CD /* TableViewProjectTests */ = {
			isa = PBXNativeTarget;
			buildConfigurationList = 7ED4CDA31E7C084F00E976CD /* Build configuration list for PBXNativeTarget "TableViewProjectTests" */;
			buildPhases = (
				7ED4CD931E7C084F00E976CD /* Sources */,
				7ED4CD941E7C084F00E976CD /* Frameworks */,
				7ED4CD951E7C084F00E976CD /* Resources */,
			);
			buildRules = (
			);
			dependencies = (
				7ED4CD991E7C084F00E976CD /* PBXTargetDependency */,
			);
			name = TableViewProjectTests;
			productName = TableViewProjectTests;
			productReference = 7ED4CD971E7C084F00E976CD /* TableViewProjectTests.xctest */;
			productType = "com.apple.product-type.bundle.unit-test";
		};
/* End PBXNativeTarget section */

/* Begin PBXProject section */
		7ED4CD7E1E7C084F00E976CD /* Project object */ = {
			isa = PBXProject;
			attributes = {
				LastSwiftUpdateCheck = 0820;
				LastUpgradeCheck = 0820;
				ORGANIZATIONNAME = "Sandro Peham";
				TargetAttributes = {
					7ED4CD851E7C084F00E976CD = {
						CreatedOnToolsVersion = 8.2.1;
						DevelopmentTeam = 548ZS432V9;
						ProvisioningStyle = Automatic;
					};
					7ED4CD961E7C084F00E976CD = {
						CreatedOnToolsVersion = 8.2.1;
						DevelopmentTeam = 548ZS432V9;
						ProvisioningStyle = Automatic;
						TestTargetID = 7ED4CD851E7C084F00E976CD;
					};
				};
			};
			buildConfigurationList = 7ED4CD811E7C084F00E976CD /* Build configuration list for PBXProject "TableViewProject" */;
			compatibilityVersion = "Xcode 3.2";
			developmentRegion = English;
			hasScannedForEncodings = 0;
			knownRegions = (
				en,
				Base,
			);
			mainGroup = 7ED4CD7D1E7C084F00E976CD;
			productRefGroup = 7ED4CD871E7C084F00E976CD /* Products */;
			projectDirPath = "";
			projectRoot = "";
			targets = (
				7ED4CD851E7C084F00E976CD /* TableViewProject */,
				7ED4CD961E7C084F00E976CD /* TableViewProjectTests */,
			);
		};
/* End PBXProject section */

/* Begin PBXResourcesBuildPhase section */
		7ED4CD841E7C084F00E976CD /* Resources */ = {
			isa = PBXResourcesBuildPhase;
			buildActionMask = 2147483647;
			files = (
				7ED4CD8E1E7C084F00E976CD /* Assets.xcassets in Resources */,
				7ED4CD911E7C084F00E976CD /* Main.storyboard in Resources */,
			);
			runOnlyForDeploymentPostprocessing = 0;
		};
		7ED4CD951E7C084F00E976CD /* Resources */ = {
			isa = PBXResourcesBuildPhase;
			buildActionMask = 2147483647;
			files = (
			);
			runOnlyForDeploymentPostprocessing = 0;
		};
/* End PBXResourcesBuildPhase section */

/* Begin PBXSourcesBuildPhase section */
		7ED4CD821E7C084F00E976CD /* Sources */ = {
			isa = PBXSourcesBuildPhase;
			buildActionMask = 2147483647;
			files = (
				7ED4CD8C1E7C084F00E976CD /* ViewController.swift in Sources */,
				7ED4CD8A1E7C084F00E976CD /* AppDelegate.swift in Sources */,
			);
			runOnlyForDeploymentPostprocessing = 0;
		};
		7ED4CD931E7C084F00E976CD /* Sources */ = {
			isa = PBXSourcesBuildPhase;
			buildActionMask = 2147483647;
			files = (
				7ED4CD9C1E7C084F00E976CD /* TableViewProjectTests.swift in Sources */,
			);
			runOnlyForDeploymentPostprocessing = 0;
		};
/* End PBXSourcesBuildPhase section */

/* Begin PBXTargetDependency section */
		7ED4CD991E7C084F00E976CD /* PBXTargetDependency */ = {
			isa = PBXTargetDependency;
			target = 7ED4CD851E7C084F00E976CD /* TableViewProject */;
			targetProxy = 7ED4CD981E7C084F00E976CD /* PBXContainerItemProxy */;
		};
/* End PBXTargetDependency section */

/* Begin PBXVariantGroup section */
		7ED4CD8F1E7C084F00E976CD /* Main.storyboard */ = {
			isa = PBXVariantGroup;
			children = (
				7ED4CD901E7C084F00E976CD /* Base */,
			);
			name = Main.storyboard;
			sourceTree = "<group>";
		};
/* End PBXVariantGroup section */

/* Begin XCBuildConfiguration section */
		7ED4CD9E1E7C084F00E976CD /* Debug */ = {
			isa = XCBuildConfiguration;
			buildSettings = {
				ALWAYS_SEARCH_USER_PATHS = NO;
				CLANG_ANALYZER_NONNULL = YES;
				CLANG_CXX_LANGUAGE_STANDARD = "gnu++0x";
				CLANG_CXX_LIBRARY = "libc++";
				CLANG_ENABLE_MODULES = YES;
				CLANG_ENABLE_OBJC_ARC = YES;
				CLANG_WARN_BOOL_CONVERSION = YES;
				CLANG_WARN_CONSTANT_CONVERSION = YES;
				CLANG_WARN_DIRECT_OBJC_ISA_USAGE = YES_ERROR;
				CLANG_WARN_DOCUMENTATION_COMMENTS = YES;
				CLANG_WARN_EMPTY_BODY = YES;
				CLANG_WARN_ENUM_CONVERSION = YES;
				CLANG_WARN_INFINITE_RECURSION = YES;
				CLANG_WARN_INT_CONVERSION = YES;
				CLANG_WARN_OBJC_ROOT_CLASS = YES_ERROR;
				CLANG_WARN_SUSPICIOUS_MOVE = YES;
				CLANG_WARN_UNREACHABLE_CODE = YES;
				CLANG_WARN__DUPLICATE_METHOD_MATCH = YES;
				CODE_SIGN_IDENTITY = "-";
				COPY_PHASE_STRIP = NO;
				DEBUG_INFORMATION_FORMAT = dwarf;
				ENABLE_STRICT_OBJC_MSGSEND = YES;
				ENABLE_TESTABILITY = YES;
				GCC_C_LANGUAGE_STANDARD = gnu99;
				GCC_DYNAMIC_NO_PIC = NO;
				GCC_NO_COMMON_BLOCKS = YES;
				GCC_OPTIMIZATION_LEVEL = 0;
				GCC_PREPROCESSOR_DEFINITIONS = (
					"DEBUG=1",
					"$(inherited)",
				);
				GCC_WARN_64_TO_32_BIT_CONVERSION = YES;
				GCC_WARN_ABOUT_RETURN_TYPE = YES_ERROR;
				GCC_WARN_UNDECLARED_SELECTOR = YES;
				GCC_WARN_UNINITIALIZED_AUTOS = YES_AGGRESSIVE;
				GCC_WARN_UNUSED_FUNCTION = YES;
				GCC_WARN_UNUSED_VARIABLE = YES;
				MACOSX_DEPLOYMENT_TARGET = 10.12;
				MTL_ENABLE_DEBUG_INFO = YES;
				ONLY_ACTIVE_ARCH = YES;
				SDKROOT = macosx;
				SWIFT_ACTIVE_COMPILATION_CONDITIONS = DEBUG;
				SWIFT_OPTIMIZATION_LEVEL = "-Onone";
			};
			name = Debug;
		};
		7ED4CD9F1E7C084F00E976CD /* Release */ = {
			isa = XCBuildConfiguration;
			buildSettings = {
				ALWAYS_SEARCH_USER_PATHS = NO;
				CLANG_ANALYZER_NONNULL = YES;
				CLANG_CXX_LANGUAGE_STANDARD = "gnu++0x";
				CLANG_CXX_LIBRARY = "libc++";
				CLANG_ENABLE_MODULES = YES;
				CLANG_ENABLE_OBJC_ARC = YES;
				CLANG_WARN_BOOL_CONVERSION = YES;
				CLANG_WARN_CONSTANT_CONVERSION = YES;
				CLANG_WARN_DIRECT_OBJC_ISA_USAGE = YES_ERROR;
				CLANG_WARN_DOCUMENTATION_COMMENTS = YES;
				CLANG_WARN_EMPTY_BODY = YES;
				CLANG_WARN_ENUM_CONVERSION = YES;
				CLANG_WARN_INFINITE_RECURSION = YES;
				CLANG_WARN_INT_CONVERSION = YES;
				CLANG_WARN_OBJC_ROOT_CLASS = YES_ERROR;
				CLANG_WARN_SUSPICIOUS_MOVE = YES;
				CLANG_WARN_UNREACHABLE_CODE = YES;
				CLANG_WARN__DUPLICATE_METHOD_MATCH = YES;
				CODE_SIGN_IDENTITY = "-";
				COPY_PHASE_STRIP = NO;
				DEBUG_INFORMATION_FORMAT = "dwarf-with-dsym";
				ENABLE_NS_ASSERTIONS = NO;
				ENABLE_STRICT_OBJC_MSGSEND = YES;
				GCC_C_LANGUAGE_STANDARD = gnu99;
				GCC_NO_COMMON_BLOCKS = YES;
				GCC_WARN_64_TO_32_BIT_CONVERSION = YES;
				GCC_WARN_ABOUT_RETURN_TYPE = YES_ERROR;
				GCC_WARN_UNDECLARED_SELECTOR = YES;
				GCC_WARN_UNINITIALIZED_AUTOS = YES_AGGRESSIVE;
				GCC_WARN_UNUSED_FUNCTION = YES;
				GCC_WARN_UNUSED_VARIABLE = YES;
				MACOSX_DEPLOYMENT_TARGET = 10.12;
				MTL_ENABLE_DEBUG_INFO = NO;
				SDKROOT = macosx;
				SWIFT_OPTIMIZATION_LEVEL = "-Owholemodule";
			};
			name = Release;
		};
		7ED4CDA11E7C084F00E976CD /* Debug */ = {
			isa = XCBuildConfiguration;
			buildSettings = {
				ASSETCATALOG_COMPILER_APPICON_NAME = AppIcon;
				COMBINE_HIDPI_IMAGES = YES;
				DEVELOPMENT_TEAM = 548ZS432V9;
				INFOPLIST_FILE = TableViewProject/Info.plist;
				LD_RUNPATH_SEARCH_PATHS = "$(inherited) @executable_path/../Frameworks";
				PRODUCT_BUNDLE_IDENTIFIER = sandropeham.developer.TableViewProject;
				PRODUCT_NAME = "$(TARGET_NAME)";
				SWIFT_VERSION = 3.0;
			};
			name = Debug;
		};
		7ED4CDA21E7C084F00E976CD /* Release */ = {
			isa = XCBuildConfiguration;
			buildSettings = {
				ASSETCATALOG_COMPILER_APPICON_NAME = AppIcon;
				COMBINE_HIDPI_IMAGES = YES;
				DEVELOPMENT_TEAM = 548ZS432V9;
				INFOPLIST_FILE = TableViewProject/Info.plist;
				LD_RUNPATH_SEARCH_PATHS = "$(inherited) @executable_path/../Frameworks";
				PRODUCT_BUNDLE_IDENTIFIER = sandropeham.developer.TableViewProject;
				PRODUCT_NAME = "$(TARGET_NAME)";
				SWIFT_VERSION = 3.0;
			};
			name = Release;
		};
		7ED4CDA41E7C084F00E976CD /* Debug */ = {
			isa = XCBuildConfiguration;
			buildSettings = {
				ALWAYS_EMBED_SWIFT_STANDARD_LIBRARIES = YES;
				BUNDLE_LOADER = "$(TEST_HOST)";
				COMBINE_HIDPI_IMAGES = YES;
				DEVELOPMENT_TEAM = 548ZS432V9;
				INFOPLIST_FILE = TableViewProjectTests/Info.plist;
				LD_RUNPATH_SEARCH_PATHS = "$(inherited) @executable_path/../Frameworks @loader_path/../Frameworks";
				PRODUCT_BUNDLE_IDENTIFIER = sandropeham.developer.TableViewProjectTests;
				PRODUCT_NAME = "$(TARGET_NAME)";
				SWIFT_VERSION = 3.0;
				TEST_HOST = "$(BUILT_PRODUCTS_DIR)/TableViewProject.app/Contents/MacOS/TableViewProject";
			};
			name = Debug;
		};
		7ED4CDA51E7C084F00E976CD /* Release */ = {
			isa = XCBuildConfiguration;
			buildSettings = {
				ALWAYS_EMBED_SWIFT_STANDARD_LIBRARIES = YES;
				BUNDLE_LOADER = "$(TEST_HOST)";
				COMBINE_HIDPI_IMAGES = YES;
				DEVELOPMENT_TEAM = 548ZS432V9;
				INFOPLIST_FILE = TableViewProjectTests/Info.plist;
				LD_RUNPATH_SEARCH_PATHS = "$(inherited) @executable_path/../Frameworks @loader_path/../Frameworks";
				PRODUCT_BUNDLE_IDENTIFIER = sandropeham.developer.TableViewProjectTests;
				PRODUCT_NAME = "$(TARGET_NAME)";
				SWIFT_VERSION = 3.0;
				TEST_HOST = "$(BUILT_PRODUCTS_DIR)/TableViewProject.app/Contents/MacOS/TableViewProject";
			};
			name = Release;
		};
/* End XCBuildConfiguration section */

/* Begin XCConfigurationList section */
		7ED4CD811E7C084F00E976CD /* Build configuration list for PBXProject "TableViewProject" */ = {
			isa = XCConfigurationList;
			buildConfigurations = (
				7ED4CD9E1E7C084F00E976CD /* Debug */,
				7ED4CD9F1E7C084F00E976CD /* Release */,
			);
			defaultConfigurationIsVisible = 0;
			defaultConfigurationName = Release;
		};
		7ED4CDA01E7C084F00E976CD /* Build configuration list for PBXNativeTarget "TableViewProject" */ = {
			isa = XCConfigurationList;
			buildConfigurations = (
				7ED4CDA11E7C084F00E976CD /* Debug */,
				7ED4CDA21E7C084F00E976CD /* Release */,
			);
			defaultConfigurationIsVisible = 0;
		};
		7ED4CDA31E7C084F00E976CD /* Build configuration list for PBXNativeTarget "TableViewProjectTests" */ = {
			isa = XCConfigurationList;
			buildConfigurations = (
				7ED4CDA41E7C084F00E976CD /* Debug */,
				7ED4CDA51E7C084F00E976CD /* Release */,
			);
			defaultConfigurationIsVisible = 0;
		};
/* End XCConfigurationList section */
	};
	rootObject = 7ED4CD7E1E7C084F00E976CD /* Project object */;
}
